{
  "name": "plugins",
  "lockfileVersion": 3,
  "requires": true,
  "packages": {
    "": {
      "dependencies": {
        "@vscode/codicons": "^0.0.39"
      }
    },
    "node_modules/@vscode/codicons": {
      "version": "0.0.39",
      "resolved": "https://registry.npmjs.org/@vscode/codicons/-/codicons-0.0.39.tgz",
      "integrity": "sha512-gO09UZrOBONyzI8LWPRsCahnmUR16hkRQCJOSJzX8L4dC5aa6YGP4nS+gh5oSekMlM8LFJXMAgqBMGGiktdRJw==",
      "license": "CC-BY-4.0"
    }
  }
}
